
Microsoft Visual Studio Solution File, Format Version 12.00
# Visual Studio Version 17
VisualStudioVersion = 17.0.31912.275
MinimumVisualStudioVersion = 10.0.40219.1
Project("{FAE04EC0-301F-11D3-BF4B-00C04F79EFBC}") = "PickUpApp.Android", "PickUpApp\PickUpApp.Android\PickUpApp.Android.csproj", "{499BB754-3741-4B45-B370-4E9B05389C19}"
EndProject
Project("{FAE04EC0-301F-11D3-BF4B-00C04F79EFBC}") = "PickUpApp.iOS", "PickUpApp\PickUpApp.iOS\PickUpApp.iOS.csproj", "{7235F19B-5579-4D6A-915B-841C73F6462A}"
EndProject
Project("{FAE04EC0-301F-11D3-BF4B-00C04F79EFBC}") = "PickUpApp", "PickUpApp\PickUpApp\PickUpApp.csproj", "{9413C29B-6F2B-4094-B534-1C05DA815926}"
EndProject
Global
	GlobalSection(SolutionConfigurationPlatforms) = preSolution
		Debug|Any CPU = Debug|Any CPU
		Debug|iPhone = Debug|iPhone
		Debug|iPhoneSimulator = Debug|iPhoneSimulator
		Release|Any CPU = Release|Any CPU
		Release|iPhone = Release|iPhone
		Release|iPhoneSimulator = Release|iPhoneSimulator
	EndGlobalSection
	GlobalSection(ProjectConfigurationPlatforms) = postSolution
		{499BB754-3741-4B45-B370-4E9B05389C19}.Debug|Any CPU.ActiveCfg = Debug|Any CPU
		{499BB754-3741-4B45-B370-4E9B05389C19}.Debug|Any CPU.Build.0 = Debug|Any CPU
		{499BB754-3741-4B45-B370-4E9B05389C19}.Debug|Any CPU.Deploy.0 = Debug|Any CPU
		{499BB754-3741-4B45-B370-4E9B05389C19}.Debug|iPhone.ActiveCfg = Debug|Any CPU
		{499BB754-3741-4B45-B370-4E9B05389C19}.Debug|iPhone.Build.0 = Debug|Any CPU
		{499BB754-3741-4B45-B370-4E9B05389C19}.Debug|iPhone.Deploy.0 = Debug|Any CPU
		{499BB754-3741-4B45-B370-4E9B05389C19}.Debug|iPhoneSimulator.ActiveCfg = Debug|Any CPU
		{499BB754-3741-4B45-B370-4E9B05389C19}.Debug|iPhoneSimulator.Build.0 = Debug|Any CPU
		{499BB754-3741-4B45-B370-4E9B05389C19}.Debug|iPhoneSimulator.Deploy.0 = Debug|Any CPU
		{499BB754-3741-4B45-B370-4E9B05389C19}.Release|Any CPU.ActiveCfg = Release|Any CPU
		{499BB754-3741-4B45-B370-4E9B05389C19}.Release|Any CPU.Build.0 = Release|Any CPU
		{499BB754-3741-4B45-B370-4E9B05389C19}.Release|Any CPU.Deploy.0 = Release|Any CPU
		{499BB754-3741-4B45-B370-4E9B05389C19}.Release|iPhone.ActiveCfg = Release|Any CPU
		{499BB754-3741-4B45-B370-4E9B05389C19}.Release|iPhone.Build.0 = Release|Any CPU
		{499BB754-3741-4B45-B370-4E9B05389C19}.Release|iPhone.Deploy.0 = Release|Any CPU
		{499BB754-3741-4B45-B370-4E9B05389C19}.Release|iPhoneSimulator.ActiveCfg = Release|Any CPU
		{499BB754-3741-4B45-B370-4E9B05389C19}.Release|iPhoneSimulator.Build.0 = Release|Any CPU
		{499BB754-3741-4B45-B370-4E9B05389C19}.Release|iPhoneSimulator.Deploy.0 = Release|Any CPU
		{7235F19B-5579-4D6A-915B-841C73F6462A}.Debug|Any CPU.ActiveCfg = Debug|iPhone
		{7235F19B-5579-4D6A-915B-841C73F6462A}.Debug|Any CPU.Build.0 = Debug|iPhone
		{7235F19B-5579-4D6A-915B-841C73F6462A}.Debug|Any CPU.Deploy.0 = Debug|iPhone
		{7235F19B-5579-4D6A-915B-841C73F6462A}.Debug|iPhone.ActiveCfg = Debug|iPhone
		{7235F19B-5579-4D6A-915B-841C73F6462A}.Debug|iPhone.Build.0 = Debug|iPhone
		{7235F19B-5579-4D6A-915B-841C73F6462A}.Debug|iPhone.Deploy.0 = Debug|iPhone
		{7235F19B-5579-4D6A-915B-841C73F6462A}.Debug|iPhoneSimulator.ActiveCfg = Debug|iPhoneSimulator
		{7235F19B-5579-4D6A-915B-841C73F6462A}.Debug|iPhoneSimulator.Build.0 = Debug|iPhoneSimulator
		{7235F19B-5579-4D6A-915B-841C73F6462A}.Debug|iPhoneSimulator.Deploy.0 = Debug|iPhoneSimulator
		{7235F19B-5579-4D6A-915B-841C73F6462A}.Release|Any CPU.ActiveCfg = Release|iPhoneSimulator
		{7235F19B-5579-4D6A-915B-841C73F6462A}.Release|Any CPU.Build.0 = Release|iPhoneSimulator
		{7235F19B-5579-4D6A-915B-841C73F6462A}.Release|Any CPU.Deploy.0 = Release|iPhoneSimulator
		{7235F19B-5579-4D6A-915B-841C73F6462A}.Release|iPhone.ActiveCfg = Release|iPhone
		{7235F19B-5579-4D6A-915B-841C73F6462A}.Release|iPhone.Build.0 = Release|iPhone
		{7235F19B-5579-4D6A-915B-841C73F6462A}.Release|iPhone.Deploy.0 = Release|iPhone
		{7235F19B-5579-4D6A-915B-841C73F6462A}.Release|iPhoneSimulator.ActiveCfg = Release|iPhoneSimulator
		{7235F19B-5579-4D6A-915B-841C73F6462A}.Release|iPhoneSimulator.Build.0 = Release|iPhoneSimulator
		{7235F19B-5579-4D6A-915B-841C73F6462A}.Release|iPhoneSimulator.Deploy.0 = Release|iPhoneSimulator
		{9413C29B-6F2B-4094-B534-1C05DA815926}.Debug|Any CPU.ActiveCfg = Debug|Any CPU
		{9413C29B-6F2B-4094-B534-1C05DA815926}.Debug|Any CPU.Build.0 = Debug|Any CPU
		{9413C29B-6F2B-4094-B534-1C05DA815926}.Debug|Any CPU.Deploy.0 = Debug|Any CPU
		{9413C29B-6F2B-4094-B534-1C05DA815926}.Debug|iPhone.ActiveCfg = Debug|Any CPU
		{9413C29B-6F2B-4094-B534-1C05DA815926}.Debug|iPhone.Build.0 = Debug|Any CPU
		{9413C29B-6F2B-4094-B534-1C05DA815926}.Debug|iPhone.Deploy.0 = Debug|Any CPU
		{9413C29B-6F2B-4094-B534-1C05DA815926}.Debug|iPhoneSimulator.ActiveCfg = Debug|Any CPU
		{9413C29B-6F2B-4094-B534-1C05DA815926}.Debug|iPhoneSimulator.Build.0 = Debug|Any CPU
		{9413C29B-6F2B-4094-B534-1C05DA815926}.Debug|iPhoneSimulator.Deploy.0 = Debug|Any CPU
		{9413C29B-6F2B-4094-B534-1C05DA815926}.Release|Any CPU.ActiveCfg = Release|Any CPU
		{9413C29B-6F2B-4094-B534-1C05DA815926}.Release|Any CPU.Build.0 = Release|Any CPU
		{9413C29B-6F2B-4094-B534-1C05DA815926}.Release|Any CPU.Deploy.0 = Release|Any CPU
		{9413C29B-6F2B-4094-B534-1C05DA815926}.Release|iPhone.ActiveCfg = Release|Any CPU
		{9413C29B-6F2B-4094-B534-1C05DA815926}.Release|iPhone.Build.0 = Release|Any CPU
		{9413C29B-6F2B-4094-B534-1C05DA815926}.Release|iPhone.Deploy.0 = Release|Any CPU
		{9413C29B-6F2B-4094-B534-1C05DA815926}.Release|iPhoneSimulator.ActiveCfg = Release|Any CPU
		{9413C29B-6F2B-4094-B534-1C05DA815926}.Release|iPhoneSimulator.Build.0 = Release|Any CPU
		{9413C29B-6F2B-4094-B534-1C05DA815926}.Release|iPhoneSimulator.Deploy.0 = Release|Any CPU
	EndGlobalSection
	GlobalSection(SolutionProperties) = preSolution
		HideSolutionNode = FALSE
	EndGlobalSection
	GlobalSection(ExtensibilityGlobals) = postSolution
		SolutionGuid = {FC8FFB43-B6F5-4FD5-B7B2-D8C94C174224}
	EndGlobalSection
EndGlobal
